# This file is generated by running "yarn install" inside your project.
# Manual changes might be lost - proceed with caution!

__metadata:
  version: 6
  cacheKey: 8

"@babel/runtime@npm:^7.10.4, @babel/runtime@npm:^7.10.5, @babel/runtime@npm:^7.6.2":
  version: 7.19.0
  resolution: "@babel/runtime@npm:7.19.0"
  dependencies:
    regenerator-runtime: ^0.13.4
  checksum: fa69c351bb05e1db3ceb9a02fdcf620c234180af68cdda02152d3561015f6d55277265d3109815992f96d910f3db709458cae4f8df1c3def66f32e0867d82294
  languageName: node
  linkType: hard

"@date-fns/upgrade@npm:1.0.3":
  version: 1.0.3
  resolution: "@date-fns/upgrade@npm:1.0.3"
  dependencies:
    date-fns: ^2.1
  checksum: 0e36ad6d90ce2db86087682a69ad8f3a5079402d3a1e4ed2e72ad7b6c7e5e03d3c1f165e9805610d049d9c2e879cdcb7131d53b1ab5a31e201e1bcdf3022e669
  languageName: node
  linkType: hard

"@dnd-kit/accessibility@npm:^3.0.0":
  version: 3.0.1
  resolution: "@dnd-kit/accessibility@npm:3.0.1"
  dependencies:
    tslib: ^2.0.0
  peerDependencies:
    react: ">=16.8.0"
  checksum: 0afc2c0fce9a1c107453620ca0da1778f182d340e74ffbc6e369ef0ac8943cafb929d3a6c0891d9b915aa23b2b92137ff4fad958f43118466586d8129a3359d5
  languageName: node
  linkType: hard

"@dnd-kit/core@npm:^4.0.3":
  version: 4.0.3
  resolution: "@dnd-kit/core@npm:4.0.3"
  dependencies:
    "@dnd-kit/accessibility": ^3.0.0
    "@dnd-kit/utilities": ^3.0.1
    tslib: ^2.0.0
  peerDependencies:
    react: ">=16.8.0"
    react-dom: ">=16.8.0"
  checksum: 828609317504f32bf37238840e5d2ae545efaaa779d696fdad1606d2ae22ae5668a43466db007efde89c8c1ef04ca66b2c61b6e98465f9487ec37c8e3d11a1b2
  languageName: node
  linkType: hard

"@dnd-kit/sortable@npm:^5.1.0":
  version: 5.1.0
  resolution: "@dnd-kit/sortable@npm:5.1.0"
  dependencies:
    "@dnd-kit/utilities": ^3.0.0
    tslib: ^2.0.0
  peerDependencies:
    "@dnd-kit/core": ^4.0.2
    react: ">=16.8.0"
  checksum: f2f687a70dc52894e569d6377d7cb2e5e1761f0164cf08a1d0c8c3df43d6e88fd2858e0f5dfc8a5670fac8f6ce9a2ed91b0aeb8837f44d067acf21d1baf6a55e
  languageName: node
  linkType: hard

"@dnd-kit/utilities@npm:^3.0.0, @dnd-kit/utilities@npm:^3.0.1, @dnd-kit/utilities@npm:^3.0.2":
  version: 3.2.0
  resolution: "@dnd-kit/utilities@npm:3.2.0"
  dependencies:
    tslib: ^2.0.0
  peerDependencies:
    react: ">=16.8.0"
  checksum: 575e554992c5ff26622854b889b6288580f308e1125620a4aae55d0a113d47f05fdb7c6e2023ce51c58d5a206091fc1deac868222dd5f9c35c80c3e2f99db9af
  languageName: node
  linkType: hard

"@fluentui/react-component-event-listener@npm:~0.63.0":
  version: 0.63.1
  resolution: "@fluentui/react-component-event-listener@npm:0.63.1"
  dependencies:
    "@babel/runtime": ^7.10.4
  peerDependencies:
    react: ^16.8.0 || ^17 || ^18
    react-dom: ^16.8.0 || ^17 || ^18
  checksum: 9ad5657a0834b934ca2049ec0689e55fcce892b680ca1140ce75872ffa8e455549660e808ae78ebcddb52f2a3b479659e11f5dad5097884f92bf311a015fa904
  languageName: node
  linkType: hard

"@fluentui/react-component-ref@npm:~0.63.0":
  version: 0.63.1
  resolution: "@fluentui/react-component-ref@npm:0.63.1"
  dependencies:
    "@babel/runtime": ^7.10.4
    react-is: ^16.6.3
  peerDependencies:
    react: ^16.8.0 || ^17 || ^18
    react-dom: ^16.8.0 || ^17 || ^18
  checksum: e63ab044459ef244cbf32840b3abd883e10051e81257873a64a4be8107145a83a7927e5d5da412fd78ffcb55e79cff0d82fcc8bd135fa3c649cb5fbc29e28cfe
  languageName: node
  linkType: hard

"@popperjs/core@npm:^2.6.0":
  version: 2.11.6
  resolution: "@popperjs/core@npm:2.11.6"
  checksum: 47fb328cec1924559d759b48235c78574f2d71a8a6c4c03edb6de5d7074078371633b91e39bbf3f901b32aa8af9b9d8f82834856d2f5737a23475036b16817f0
  languageName: node
  linkType: hard

"@remix-run/router@npm:1.0.0":
  version: 1.0.0
  resolution: "@remix-run/router@npm:1.0.0"
  checksum: 2e7543c71432c49bc0e6cab287ce561c56bf33ad91f929cdbf4c9bd08636bc676f2bf6b048a95fc1f5c74c40600ab59ce248d1de34a1acb7c2e43f567b0e96b5
  languageName: node
  linkType: hard

"@semantic-ui-react/event-stack@npm:^3.1.3":
  version: 3.1.3
  resolution: "@semantic-ui-react/event-stack@npm:3.1.3"
  dependencies:
    exenv: ^1.2.2
    prop-types: ^15.6.2
  peerDependencies:
    react: ^16.0.0 || ^17.0.0 || ^18.0.0
    react-dom: ^16.0.0 || ^17.0.0 || ^18.0.0
  checksum: c16cf268177ed16cd63a56b8c8ec38c41b82afa16a9589accab68b3c20d821d0ad3bfde73a2695618bd04219dd992339d0bc2d6998af5ae44fd061e6b800db58
  languageName: node
  linkType: hard

"@sonamu-kit/react-sui@workspace:.":
  version: 0.0.0-use.local
  resolution: "@sonamu-kit/react-sui@workspace:."
  dependencies:
    "@dnd-kit/core": ^4.0.3
    "@dnd-kit/sortable": ^5.1.0
    "@dnd-kit/utilities": ^3.0.2
    "@types/inflection": ^1.13.0
    "@types/lodash": ^4.14.185
    "@types/luxon": ^3.0.1
    "@types/node": ^18.7.18
    "@types/qs": ^6.9.7
    "@types/react": ^18.0.20
    "@types/react-dom": ^18.0.6
    axios: ^0.27.2
    classnames: ^2.3.2
    fast-deep-equal: ^3.1.3
    inflection: ^1.13.2
    lodash: ^4.17.21
    luxon: ^3.0.3
    qs: ^6.11.0
    react: ^18.2.0
    react-dom: ^18.2.0
    react-router-dom: ^6.4.0
    react-semantic-ui-datepickers: ^2.17.1
    scss: ^0.2.4
    semantic-ui-react: ^2.1.3
    swr: ^1.3.0
    typescript: ^4.8.3
    zod: ^3.19.1
  peerDependencies:
    react: ^18.2.0
    react-dom: ^18.2.0
    react-router-dom: ^6.4.0
  languageName: unknown
  linkType: soft

"@types/inflection@npm:^1.13.0":
  version: 1.13.0
  resolution: "@types/inflection@npm:1.13.0"
  checksum: 0c7cb5b31d0b9418db5c391af07c1d9bfc56daa3a7d6b7c4697e5ea59f24933e19fbcbd8eb921053c0d8db9146b26e166e8f21feed1d5ae020cc3308c10587e2
  languageName: node
  linkType: hard

"@types/lodash@npm:^4.14.185":
  version: 4.14.185
  resolution: "@types/lodash@npm:4.14.185"
  checksum: f81d13da5ecab110ca9c5c7cc2bedc3c9802a6acf668576aecd1b8f4b134ed81d06c15f1e600fb08f05975098280a0d97d30cddfc2cb39ec1c6b56e971ca53b3
  languageName: node
  linkType: hard

"@types/luxon@npm:^3.0.1":
  version: 3.0.1
  resolution: "@types/luxon@npm:3.0.1"
  checksum: a81444f9b474ea9b3063ab4cc68b917a2634e38b4e229f86c78c35023a32bf5e8d1044d7c229c011291662c976cb6c4cf109dc3d2077c571790a31779a554178
  languageName: node
  linkType: hard

"@types/node@npm:^18.7.18":
  version: 18.7.18
  resolution: "@types/node@npm:18.7.18"
  checksum: 8aec61f0f96e2a69ce51f1f40f949ca578bbb4fe05d7c0b8ce3aeeb848e90f755837f17f6ac132ca404d974fe9b2974150ad3b4984fc9dc7c3ceddb10bae0167
  languageName: node
  linkType: hard

"@types/prop-types@npm:*":
  version: 15.7.5
  resolution: "@types/prop-types@npm:15.7.5"
  checksum: 5b43b8b15415e1f298243165f1d44390403bb2bd42e662bca3b5b5633fdd39c938e91b7fce3a9483699db0f7a715d08cef220c121f723a634972fdf596aec980
  languageName: node
  linkType: hard

"@types/qs@npm:^6.9.7":
  version: 6.9.7
  resolution: "@types/qs@npm:6.9.7"
  checksum: 7fd6f9c25053e9b5bb6bc9f9f76c1d89e6c04f7707a7ba0e44cc01f17ef5284adb82f230f542c2d5557d69407c9a40f0f3515e8319afd14e1e16b5543ac6cdba
  languageName: node
  linkType: hard

"@types/react-dom@npm:^18.0.6":
  version: 18.0.6
  resolution: "@types/react-dom@npm:18.0.6"
  dependencies:
    "@types/react": "*"
  checksum: db571047af1a567631758700b9f7d143e566df939cfe5fbf7535347cc0c726a1cdbb5e3f8566d076e54cf708b6c1166689de194a9ba09ee35efc9e1d45911685
  languageName: node
  linkType: hard

"@types/react@npm:*, @types/react@npm:^18.0.20":
  version: 18.0.20
  resolution: "@types/react@npm:18.0.20"
  dependencies:
    "@types/prop-types": "*"
    "@types/scheduler": "*"
    csstype: ^3.0.2
  checksum: f67f5b16efd89e237bf0e40d133218c398cf2a2f81166ce1e9fa32d0df6b869106740983396c51df9708a1b79b2a9d725eda1230cc3064c92d86d9ea6a4b714c
  languageName: node
  linkType: hard

"@types/scheduler@npm:*":
  version: 0.16.2
  resolution: "@types/scheduler@npm:0.16.2"
  checksum: b6b4dcfeae6deba2e06a70941860fb1435730576d3689225a421280b7742318d1548b3d22c1f66ab68e414f346a9542f29240bc955b6332c5b11e561077583bc
  languageName: node
  linkType: hard

"asynckit@npm:^0.4.0":
  version: 0.4.0
  resolution: "asynckit@npm:0.4.0"
  checksum: 7b78c451df768adba04e2d02e63e2d0bf3b07adcd6e42b4cf665cb7ce899bedd344c69a1dcbce355b5f972d597b25aaa1c1742b52cffd9caccb22f348114f6be
  languageName: node
  linkType: hard

"axios@npm:^0.27.2":
  version: 0.27.2
  resolution: "axios@npm:0.27.2"
  dependencies:
    follow-redirects: ^1.14.9
    form-data: ^4.0.0
  checksum: 38cb7540465fe8c4102850c4368053c21683af85c5fdf0ea619f9628abbcb59415d1e22ebc8a6390d2bbc9b58a9806c874f139767389c862ec9b772235f06854
  languageName: node
  linkType: hard

"call-bind@npm:^1.0.0":
  version: 1.0.2
  resolution: "call-bind@npm:1.0.2"
  dependencies:
    function-bind: ^1.1.1
    get-intrinsic: ^1.0.2
  checksum: f8e31de9d19988a4b80f3e704788c4a2d6b6f3d17cfec4f57dc29ced450c53a49270dc66bf0fbd693329ee948dd33e6c90a329519aef17474a4d961e8d6426b0
  languageName: node
  linkType: hard

"classnames@npm:2.3.1":
  version: 2.3.1
  resolution: "classnames@npm:2.3.1"
  checksum: 14db8889d56c267a591f08b0834989fe542d47fac659af5a539e110cc4266694e8de86e4e3bbd271157dbd831361310a8293e0167141e80b0f03a0f175c80960
  languageName: node
  linkType: hard

"classnames@npm:^2.3.2":
  version: 2.3.2
  resolution: "classnames@npm:2.3.2"
  checksum: 2c62199789618d95545c872787137262e741f9db13328e216b093eea91c85ef2bfb152c1f9e63027204e2559a006a92eb74147d46c800a9f96297ae1d9f96f4e
  languageName: node
  linkType: hard

"clsx@npm:^1.1.1":
  version: 1.2.1
  resolution: "clsx@npm:1.2.1"
  checksum: 30befca8019b2eb7dbad38cff6266cf543091dae2825c856a62a8ccf2c3ab9c2907c4d12b288b73101196767f66812365400a227581484a05f968b0307cfaf12
  languageName: node
  linkType: hard

"combined-stream@npm:^1.0.8":
  version: 1.0.8
  resolution: "combined-stream@npm:1.0.8"
  dependencies:
    delayed-stream: ~1.0.0
  checksum: 49fa4aeb4916567e33ea81d088f6584749fc90c7abec76fd516bf1c5aa5c79f3584b5ba3de6b86d26ddd64bae5329c4c7479343250cfe71c75bb366eae53bb7c
  languageName: node
  linkType: hard

"csstype@npm:^3.0.2":
  version: 3.1.1
  resolution: "csstype@npm:3.1.1"
  checksum: 1f7b4f5fdd955b7444b18ebdddf3f5c699159f13e9cf8ac9027ae4a60ae226aef9bbb14a6e12ca7dba3358b007cee6354b116e720262867c398de6c955ea451d
  languageName: node
  linkType: hard

"date-fns@npm:2.28.0":
  version: 2.28.0
  resolution: "date-fns@npm:2.28.0"
  checksum: a0516b2e4f99b8bffc6cc5193349f185f195398385bdcaf07f17c2c4a24473c99d933eb0018be4142a86a6d46cb0b06be6440ad874f15e795acbedd6fd727a1f
  languageName: node
  linkType: hard

"date-fns@npm:^2.0.0, date-fns@npm:^2.1":
  version: 2.29.3
  resolution: "date-fns@npm:2.29.3"
  checksum: e01cf5b62af04e05dfff921bb9c9933310ed0e1ae9a81eb8653452e64dc841acf7f6e01e1a5ae5644d0337e9a7f936175fd2cb6819dc122fdd9c5e86c56be484
  languageName: node
  linkType: hard

"dayzed@npm:3.2.2":
  version: 3.2.2
  resolution: "dayzed@npm:3.2.2"
  dependencies:
    "@babel/runtime": ^7.6.2
    date-fns: ^2.0.0
  peerDependencies:
    prop-types: ^15
    react: ^16.8 || ^17.0
  checksum: 755eb7082534a2eda6236ae68f98cf5c2e592a75cdb727bb09499ca23e69c01add9e78e168f5330cd01c434078dc48a994b7093aa85443572efc3d0bca13e258
  languageName: node
  linkType: hard

"delayed-stream@npm:~1.0.0":
  version: 1.0.0
  resolution: "delayed-stream@npm:1.0.0"
  checksum: 46fe6e83e2cb1d85ba50bd52803c68be9bd953282fa7096f51fc29edd5d67ff84ff753c51966061e5ba7cb5e47ef6d36a91924eddb7f3f3483b1c560f77a0020
  languageName: node
  linkType: hard

"exenv@npm:^1.2.2":
  version: 1.2.2
  resolution: "exenv@npm:1.2.2"
  checksum: a894f3b60ab8419e0b6eec99c690a009c8276b4c90655ccaf7d28faba2de3a6b93b3d92210f9dc5efd36058d44f04098f6bbccef99859151104bfd49939904dc
  languageName: node
  linkType: hard

"fast-deep-equal@npm:^3.1.3":
  version: 3.1.3
  resolution: "fast-deep-equal@npm:3.1.3"
  checksum: e21a9d8d84f53493b6aa15efc9cfd53dd5b714a1f23f67fb5dc8f574af80df889b3bce25dc081887c6d25457cce704e636395333abad896ccdec03abaf1f3f9d
  languageName: node
  linkType: hard

"follow-redirects@npm:^1.14.9":
  version: 1.15.2
  resolution: "follow-redirects@npm:1.15.2"
  peerDependenciesMeta:
    debug:
      optional: true
  checksum: faa66059b66358ba65c234c2f2a37fcec029dc22775f35d9ad6abac56003268baf41e55f9ee645957b32c7d9f62baf1f0b906e68267276f54ec4b4c597c2b190
  languageName: node
  linkType: hard

"form-data@npm:^4.0.0":
  version: 4.0.0
  resolution: "form-data@npm:4.0.0"
  dependencies:
    asynckit: ^0.4.0
    combined-stream: ^1.0.8
    mime-types: ^2.1.12
  checksum: 01135bf8675f9d5c61ff18e2e2932f719ca4de964e3be90ef4c36aacfc7b9cb2fceb5eca0b7e0190e3383fe51c5b37f4cb80b62ca06a99aaabfcfd6ac7c9328c
  languageName: node
  linkType: hard

"format-string-by-pattern@npm:1.2.2":
  version: 1.2.2
  resolution: "format-string-by-pattern@npm:1.2.2"
  checksum: 497aa92eca78be2f74113cb3bbbc0194d0db1938a9292e7d7050f5ee2898e1092060ec793b4427e53cc91f20a6bb0a5e8bb7477100a8027cd0d2528c2b1ea4d8
  languageName: node
  linkType: hard

"function-bind@npm:^1.1.1":
  version: 1.1.1
  resolution: "function-bind@npm:1.1.1"
  checksum: b32fbaebb3f8ec4969f033073b43f5c8befbb58f1a79e12f1d7490358150359ebd92f49e72ff0144f65f2c48ea2a605bff2d07965f548f6474fd8efd95bf361a
  languageName: node
  linkType: hard

"get-intrinsic@npm:^1.0.2":
  version: 1.1.3
  resolution: "get-intrinsic@npm:1.1.3"
  dependencies:
    function-bind: ^1.1.1
    has: ^1.0.3
    has-symbols: ^1.0.3
  checksum: 152d79e87251d536cf880ba75cfc3d6c6c50e12b3a64e1ea960e73a3752b47c69f46034456eae1b0894359ce3bc64c55c186f2811f8a788b75b638b06fab228a
  languageName: node
  linkType: hard

"has-symbols@npm:^1.0.3":
  version: 1.0.3
  resolution: "has-symbols@npm:1.0.3"
  checksum: a054c40c631c0d5741a8285010a0777ea0c068f99ed43e5d6eb12972da223f8af553a455132fdb0801bdcfa0e0f443c0c03a68d8555aa529b3144b446c3f2410
  languageName: node
  linkType: hard

"has@npm:^1.0.3":
  version: 1.0.3
  resolution: "has@npm:1.0.3"
  dependencies:
    function-bind: ^1.1.1
  checksum: b9ad53d53be4af90ce5d1c38331e712522417d017d5ef1ebd0507e07c2fbad8686fffb8e12ddecd4c39ca9b9b47431afbb975b8abf7f3c3b82c98e9aad052792
  languageName: node
  linkType: hard

"inflection@npm:^1.13.2":
  version: 1.13.2
  resolution: "inflection@npm:1.13.2"
  checksum: e7ad0559384ed7c526813404bde843f8f17941d47625ad60fc3b09e46efde873dd9840818007c6bd4dbe388e6248fa033d5a8c405c5fc62738c51b118a0e940f
  languageName: node
  linkType: hard

"js-tokens@npm:^3.0.0 || ^4.0.0":
  version: 4.0.0
  resolution: "js-tokens@npm:4.0.0"
  checksum: 8a95213a5a77deb6cbe94d86340e8d9ace2b93bc367790b260101d2f36a2eaf4e4e22d9fa9cf459b38af3a32fb4190e638024cf82ec95ef708680e405ea7cc78
  languageName: node
  linkType: hard

"keyboard-key@npm:^1.1.0":
  version: 1.1.0
  resolution: "keyboard-key@npm:1.1.0"
  checksum: 8bf7c0d796820a0d4802930ef103339e2ffddf369f441d8e19f0a1d3b841da71a0a4da8c7a5270f4814da54300434f5fc5b3489aae4ae3ba47418ac106b71a64
  languageName: node
  linkType: hard

"lodash-es@npm:^4.17.21":
  version: 4.17.21
  resolution: "lodash-es@npm:4.17.21"
  checksum: 05cbffad6e2adbb331a4e16fbd826e7faee403a1a04873b82b42c0f22090f280839f85b95393f487c1303c8a3d2a010048bf06151a6cbe03eee4d388fb0a12d2
  languageName: node
  linkType: hard

"lodash@npm:^4.17.21":
  version: 4.17.21
  resolution: "lodash@npm:4.17.21"
  checksum: eb835a2e51d381e561e508ce932ea50a8e5a68f4ebdd771ea240d3048244a8d13658acbd502cd4829768c56f2e16bdd4340b9ea141297d472517b83868e677f7
  languageName: node
  linkType: hard

"loose-envify@npm:^1.0.0, loose-envify@npm:^1.1.0, loose-envify@npm:^1.4.0":
  version: 1.4.0
  resolution: "loose-envify@npm:1.4.0"
  dependencies:
    js-tokens: ^3.0.0 || ^4.0.0
  bin:
    loose-envify: cli.js
  checksum: 6517e24e0cad87ec9888f500c5b5947032cdfe6ef65e1c1936a0c48a524b81e65542c9c3edc91c97d5bddc806ee2a985dbc79be89215d613b1de5db6d1cfe6f4
  languageName: node
  linkType: hard

"luxon@npm:^3.0.3":
  version: 3.0.3
  resolution: "luxon@npm:3.0.3"
  checksum: 67d143f102f520761c4202086579a5cf30b230ea299da27cacb31e9f9d372cadef90f14cbe7e2621b70825b267fe00128b8176ed8b7172b48f77a403a662d5aa
  languageName: node
  linkType: hard

"mime-db@npm:1.52.0":
  version: 1.52.0
  resolution: "mime-db@npm:1.52.0"
  checksum: 0d99a03585f8b39d68182803b12ac601d9c01abfa28ec56204fa330bc9f3d1c5e14beb049bafadb3dbdf646dfb94b87e24d4ec7b31b7279ef906a8ea9b6a513f
  languageName: node
  linkType: hard

"mime-types@npm:^2.1.12":
  version: 2.1.35
  resolution: "mime-types@npm:2.1.35"
  dependencies:
    mime-db: 1.52.0
  checksum: 89a5b7f1def9f3af5dad6496c5ed50191ae4331cc5389d7c521c8ad28d5fdad2d06fd81baf38fed813dc4e46bb55c8145bb0ff406330818c9cf712fb2e9b3836
  languageName: node
  linkType: hard

"object-assign@npm:^4.1.1":
  version: 4.1.1
  resolution: "object-assign@npm:4.1.1"
  checksum: fcc6e4ea8c7fe48abfbb552578b1c53e0d194086e2e6bbbf59e0a536381a292f39943c6e9628af05b5528aa5e3318bb30d6b2e53cadaf5b8fe9e12c4b69af23f
  languageName: node
  linkType: hard

"object-inspect@npm:^1.9.0":
  version: 1.12.2
  resolution: "object-inspect@npm:1.12.2"
  checksum: a534fc1b8534284ed71f25ce3a496013b7ea030f3d1b77118f6b7b1713829262be9e6243acbcb3ef8c626e2b64186112cb7f6db74e37b2789b9c789ca23048b2
  languageName: node
  linkType: hard

"ometa@npm:0.2.2":
  version: 0.2.2
  resolution: "ometa@npm:0.2.2"
  checksum: 363aaba90c25fdc9e58617ce81c775235e361576312b5dd1d1cc430661e40ec05baf446ff42a14463b78357eb2255c5028ec48a3992888c6ddb631179be0e323
  languageName: node
  linkType: hard

"prop-types@npm:^15.6.2, prop-types@npm:^15.7.2":
  version: 15.8.1
  resolution: "prop-types@npm:15.8.1"
  dependencies:
    loose-envify: ^1.4.0
    object-assign: ^4.1.1
    react-is: ^16.13.1
  checksum: c056d3f1c057cb7ff8344c645450e14f088a915d078dcda795041765047fa080d38e5d626560ccaac94a4e16e3aa15f3557c1a9a8d1174530955e992c675e459
  languageName: node
  linkType: hard

"qs@npm:^6.11.0":
  version: 6.11.0
  resolution: "qs@npm:6.11.0"
  dependencies:
    side-channel: ^1.0.4
  checksum: 6e1f29dd5385f7488ec74ac7b6c92f4d09a90408882d0c208414a34dd33badc1a621019d4c799a3df15ab9b1d0292f97c1dd71dc7c045e69f81a8064e5af7297
  languageName: node
  linkType: hard

"react-dom@npm:^18.2.0":
  version: 18.2.0
  resolution: "react-dom@npm:18.2.0"
  dependencies:
    loose-envify: ^1.1.0
    scheduler: ^0.23.0
  peerDependencies:
    react: ^18.2.0
  checksum: 7d323310bea3a91be2965f9468d552f201b1c27891e45ddc2d6b8f717680c95a75ae0bc1e3f5cf41472446a2589a75aed4483aee8169287909fcd59ad149e8cc
  languageName: node
  linkType: hard

"react-fast-compare@npm:3.2.0, react-fast-compare@npm:^3.0.1":
  version: 3.2.0
  resolution: "react-fast-compare@npm:3.2.0"
  checksum: 8ef272c825ae329f61633ce4ce7f15aa5b84e5214d88bc0823880236e03e985a13195befa2c7a4eda7db3b017dc7985729152d88445823f652403cf36c2b86aa
  languageName: node
  linkType: hard

"react-is@npm:^16.13.1, react-is@npm:^16.6.3":
  version: 16.13.1
  resolution: "react-is@npm:16.13.1"
  checksum: f7a19ac3496de32ca9ae12aa030f00f14a3d45374f1ceca0af707c831b2a6098ef0d6bdae51bd437b0a306d7f01d4677fcc8de7c0d331eb47ad0f46130e53c5f
  languageName: node
  linkType: hard

"react-is@npm:^16.8.6 || ^17.0.0 || ^18.0.0":
  version: 18.2.0
  resolution: "react-is@npm:18.2.0"
  checksum: e72d0ba81b5922759e4aff17e0252bd29988f9642ed817f56b25a3e217e13eea8a7f2322af99a06edb779da12d5d636e9fda473d620df9a3da0df2a74141d53e
  languageName: node
  linkType: hard

"react-popper@npm:^2.3.0":
  version: 2.3.0
  resolution: "react-popper@npm:2.3.0"
  dependencies:
    react-fast-compare: ^3.0.1
    warning: ^4.0.2
  peerDependencies:
    "@popperjs/core": ^2.0.0
    react: ^16.8.0 || ^17 || ^18
    react-dom: ^16.8.0 || ^17 || ^18
  checksum: 837111c98738011c69b3069a464ea5bdcbf487105b6148e8faf90cb7337e134edb1b98b8824322941c378756cca30a15c18c25f558e53b85ed5762fa0dc8e6b2
  languageName: node
  linkType: hard

"react-router-dom@npm:^6.4.0":
  version: 6.4.0
  resolution: "react-router-dom@npm:6.4.0"
  dependencies:
    react-router: 6.4.0
  peerDependencies:
    react: ">=16.8"
    react-dom: ">=16.8"
  checksum: 5595bb168ce4a67ff72c1e3c1a9509bd1931da00f19c29d325b68a5a189577342d071a3c25f7c11dc7b489bcd48144206e4bc65e5be15ee9bc92515f0c1a0737
  languageName: node
  linkType: hard

"react-router@npm:6.4.0":
  version: 6.4.0
  resolution: "react-router@npm:6.4.0"
  dependencies:
    "@remix-run/router": 1.0.0
  peerDependencies:
    react: ">=16.8"
  checksum: d2bc04f9a5a931256f35217cbbb0da7047bb5368831d300153155222b2994c9a263f598fe2ef213d530663b86cef59a9bef1912f60bd11779214794164fa290c
  languageName: node
  linkType: hard

"react-semantic-ui-datepickers@npm:^2.17.1":
  version: 2.17.1
  resolution: "react-semantic-ui-datepickers@npm:2.17.1"
  dependencies:
    "@date-fns/upgrade": 1.0.3
    classnames: 2.3.1
    date-fns: 2.28.0
    dayzed: 3.2.2
    format-string-by-pattern: 1.2.2
    react-fast-compare: 3.2.0
  peerDependencies:
    react: ^16.8 || ^17.0 || ^18.0
    semantic-ui-react: ">=0.75.0"
  checksum: f8df16daf148c2fe9ccc28e73c96e721373f6acff3085b3448f68c1aa98614f02fc25078c5c7e153e4e39ab17db3b682b17b8253da01c6769a78015d3551bb9a
  languageName: node
  linkType: hard

"react@npm:^18.2.0":
  version: 18.2.0
  resolution: "react@npm:18.2.0"
  dependencies:
    loose-envify: ^1.1.0
  checksum: 88e38092da8839b830cda6feef2e8505dec8ace60579e46aa5490fc3dc9bba0bd50336507dc166f43e3afc1c42939c09fe33b25fae889d6f402721dcd78fca1b
  languageName: node
  linkType: hard

"regenerator-runtime@npm:^0.13.4":
  version: 0.13.9
  resolution: "regenerator-runtime@npm:0.13.9"
  checksum: 65ed455fe5afd799e2897baf691ca21c2772e1a969d19bb0c4695757c2d96249eb74ee3553ea34a91062b2a676beedf630b4c1551cc6299afb937be1426ec55e
  languageName: node
  linkType: hard

"scheduler@npm:^0.23.0":
  version: 0.23.0
  resolution: "scheduler@npm:0.23.0"
  dependencies:
    loose-envify: ^1.1.0
  checksum: d79192eeaa12abef860c195ea45d37cbf2bbf5f66e3c4dcd16f54a7da53b17788a70d109ee3d3dde1a0fd50e6a8fc171f4300356c5aee4fc0171de526bf35f8a
  languageName: node
  linkType: hard

"scss@npm:^0.2.4":
  version: 0.2.4
  resolution: "scss@npm:0.2.4"
  dependencies:
    ometa: 0.2.2
  checksum: e2223e8982b1a6a9fd4fd87b721de6fca31c596845dc809099a1bb976faa0070d08e14b15637c348d40e30be8572d791763c744db3841892b5b0d12648a734f2
  languageName: node
  linkType: hard

"semantic-ui-react@npm:^2.1.3":
  version: 2.1.3
  resolution: "semantic-ui-react@npm:2.1.3"
  dependencies:
    "@babel/runtime": ^7.10.5
    "@fluentui/react-component-event-listener": ~0.63.0
    "@fluentui/react-component-ref": ~0.63.0
    "@popperjs/core": ^2.6.0
    "@semantic-ui-react/event-stack": ^3.1.3
    clsx: ^1.1.1
    keyboard-key: ^1.1.0
    lodash: ^4.17.21
    lodash-es: ^4.17.21
    prop-types: ^15.7.2
    react-is: ^16.8.6 || ^17.0.0 || ^18.0.0
    react-popper: ^2.3.0
    shallowequal: ^1.1.0
  peerDependencies:
    react: ^16.8.0 || ^17.0.0 || ^18.0.0
    react-dom: ^16.8.0 || ^17.0.0 || ^18.0.0
  checksum: 91dbf934ecfec45acaa29be1f48bec20abecc387d0071c478e83d47f8380b137f35a6956c6599de65d83587c4e0ee5611115d487ee29a9c146692ec70e139919
  languageName: node
  linkType: hard

"shallowequal@npm:^1.1.0":
  version: 1.1.0
  resolution: "shallowequal@npm:1.1.0"
  checksum: f4c1de0837f106d2dbbfd5d0720a5d059d1c66b42b580965c8f06bb1db684be8783538b684092648c981294bf817869f743a066538771dbecb293df78f765e00
  languageName: node
  linkType: hard

"side-channel@npm:^1.0.4":
  version: 1.0.4
  resolution: "side-channel@npm:1.0.4"
  dependencies:
    call-bind: ^1.0.0
    get-intrinsic: ^1.0.2
    object-inspect: ^1.9.0
  checksum: 351e41b947079c10bd0858364f32bb3a7379514c399edb64ab3dce683933483fc63fb5e4efe0a15a2e8a7e3c436b6a91736ddb8d8c6591b0460a24bb4a1ee245
  languageName: node
  linkType: hard

"swr@npm:^1.3.0":
  version: 1.3.0
  resolution: "swr@npm:1.3.0"
  peerDependencies:
    react: ^16.11.0 || ^17.0.0 || ^18.0.0
  checksum: e7a184f0d560e9c8be85c023cc8e65e56a88a6ed46f9394b301b07f838edca23d2e303685319a4fcd620b81d447a7bcb489c7fa0a752c259f91764903c690cdb
  languageName: node
  linkType: hard

"tslib@npm:^2.0.0":
  version: 2.4.0
  resolution: "tslib@npm:2.4.0"
  checksum: 8c4aa6a3c5a754bf76aefc38026134180c053b7bd2f81338cb5e5ebf96fefa0f417bff221592bf801077f5bf990562f6264fecbc42cd3309b33872cb6fc3b113
  languageName: node
  linkType: hard

"typescript@npm:^4.8.3":
  version: 4.8.3
  resolution: "typescript@npm:4.8.3"
  bin:
    tsc: bin/tsc
    tsserver: bin/tsserver
  checksum: 8286a5edcaf3d68e65c451aa1e7150ad1cf53ee0813c07ec35b7abdfdb10f355ecaa13c6a226a694ae7a67785fd7eeebf89f845da0b4f7e4a35561ddc459aba0
  languageName: node
  linkType: hard

"typescript@patch:typescript@^4.8.3#~builtin<compat/typescript>":
  version: 4.8.3
  resolution: "typescript@patch:typescript@npm%3A4.8.3#~builtin<compat/typescript>::version=4.8.3&hash=a1c5e5"
  bin:
    tsc: bin/tsc
    tsserver: bin/tsserver
  checksum: 2222d2382fb3146089b1d27ce2b55e9d1f99cc64118f1aba75809b693b856c5d3c324f052f60c75b577947fc538bc1c27bad0eb76cbdba9a63a253489504ba7e
  languageName: node
  linkType: hard

"warning@npm:^4.0.2":
  version: 4.0.3
  resolution: "warning@npm:4.0.3"
  dependencies:
    loose-envify: ^1.0.0
  checksum: 4f2cb6a9575e4faf71ddad9ad1ae7a00d0a75d24521c193fa464f30e6b04027bd97aa5d9546b0e13d3a150ab402eda216d59c1d0f2d6ca60124d96cd40dfa35c
  languageName: node
  linkType: hard

"zod@npm:^3.19.1":
  version: 3.19.1
  resolution: "zod@npm:3.19.1"
  checksum: 56e420ea5845912324a8fc61833714a2aec84954e418b52660d76502183c6e62fef9447cbfa64349640c5ce190cf2c24267e006bb80f066183e2f3fa9fe11864
  languageName: node
  linkType: hard
