[
  {
    "path": "/dist/application/company/company.model.js",
    "checksum": "407008b182d83df4d8923acff069744c265645c2"
  },
  {
    "path": "/dist/application/department/department.model.js",
    "checksum": "fcf9c093c028041e8073f8b1d5820c8e96c32225"
  },
  {
    "path": "/dist/application/employee/employee.model.js",
    "checksum": "d12eb6ad80dbe67d25bea9774e22ab21bb6ecc49"
  },
  {
    "path": "/dist/application/project/project.model.js",
    "checksum": "767a7b948f2fed0fa9c449c4dc666ba3f754ded4"
  },
  {
    "path": "/dist/application/user/user.model.js",
    "checksum": "80e78175f9cc8f45ef4ef2b9718191169be43be4"
  },
  {
    "path": "/src/application/company/company.entity.json",
    "checksum": "35ef8760e1bacb3ac295203f7b7371e998bc2dc3"
  },
  {
    "path": "/src/application/company/company.types.ts",
    "checksum": "c89fe690fdc1445934a6cbab6aeb6bc5599c98ca"
  },
  {
    "path": "/src/application/department/department.entity.json",
    "checksum": "89317b8c466fdd8b7743e7b9ab0e5cc512ef493c"
  },
  {
    "path": "/src/application/department/department.types.ts",
    "checksum": "419605fe16da92c253563d9c95eb3f41e92c8d24"
  },
  {
    "path": "/src/application/employee/employee.entity.json",
    "checksum": "f0002ee3d2e638c9668176e282a9c4d2ab08ee73"
  },
  {
    "path": "/src/application/employee/employee.types.ts",
    "checksum": "6a22e7cf98509c61e3e22694a2a1e8470a56123b"
  },
  {
    "path": "/src/application/project/project.entity.json",
    "checksum": "633cb9de65102aab15737569251610665bf5ab93"
  },
  {
    "path": "/src/application/project/project.types.ts",
    "checksum": "5ea3a76fdb4e38729d097eec5e1acfab89bd1dc2"
  },
  {
    "path": "/src/application/sonamu.generated.ts",
    "checksum": "361b576460d33d796b70f79f9326dd92898eb860"
  },
  {
    "path": "/src/application/user/user.entity.json",
    "checksum": "5d33b3a981f34f0afec0174c711a19014ae3152a"
  },
  {
    "path": "/src/application/user/user.types.ts",
    "checksum": "2dba137f55f88c85e64db65e4f52ee97f0f7fe8f"
  }
]