# This file is generated by running "yarn install" inside your project.
# Manual changes might be lost - proceed with caution!

__metadata:
  version: 8
  cacheKey: 10c0

"@esbuild/aix-ppc64@npm:0.20.2":
  version: 0.20.2
  resolution: "@esbuild/aix-ppc64@npm:0.20.2"
  conditions: os=aix & cpu=ppc64
  languageName: node
  linkType: hard

"@esbuild/android-arm64@npm:0.20.2":
  version: 0.20.2
  resolution: "@esbuild/android-arm64@npm:0.20.2"
  conditions: os=android & cpu=arm64
  languageName: node
  linkType: hard

"@esbuild/android-arm@npm:0.20.2":
  version: 0.20.2
  resolution: "@esbuild/android-arm@npm:0.20.2"
  conditions: os=android & cpu=arm
  languageName: node
  linkType: hard

"@esbuild/android-x64@npm:0.20.2":
  version: 0.20.2
  resolution: "@esbuild/android-x64@npm:0.20.2"
  conditions: os=android & cpu=x64
  languageName: node
  linkType: hard

"@esbuild/darwin-arm64@npm:0.20.2":
  version: 0.20.2
  resolution: "@esbuild/darwin-arm64@npm:0.20.2"
  conditions: os=darwin & cpu=arm64
  languageName: node
  linkType: hard

"@esbuild/darwin-x64@npm:0.20.2":
  version: 0.20.2
  resolution: "@esbuild/darwin-x64@npm:0.20.2"
  conditions: os=darwin & cpu=x64
  languageName: node
  linkType: hard

"@esbuild/freebsd-arm64@npm:0.20.2":
  version: 0.20.2
  resolution: "@esbuild/freebsd-arm64@npm:0.20.2"
  conditions: os=freebsd & cpu=arm64
  languageName: node
  linkType: hard

"@esbuild/freebsd-x64@npm:0.20.2":
  version: 0.20.2
  resolution: "@esbuild/freebsd-x64@npm:0.20.2"
  conditions: os=freebsd & cpu=x64
  languageName: node
  linkType: hard

"@esbuild/linux-arm64@npm:0.20.2":
  version: 0.20.2
  resolution: "@esbuild/linux-arm64@npm:0.20.2"
  conditions: os=linux & cpu=arm64
  languageName: node
  linkType: hard

"@esbuild/linux-arm@npm:0.20.2":
  version: 0.20.2
  resolution: "@esbuild/linux-arm@npm:0.20.2"
  conditions: os=linux & cpu=arm
  languageName: node
  linkType: hard

"@esbuild/linux-ia32@npm:0.20.2":
  version: 0.20.2
  resolution: "@esbuild/linux-ia32@npm:0.20.2"
  conditions: os=linux & cpu=ia32
  languageName: node
  linkType: hard

"@esbuild/linux-loong64@npm:0.20.2":
  version: 0.20.2
  resolution: "@esbuild/linux-loong64@npm:0.20.2"
  conditions: os=linux & cpu=loong64
  languageName: node
  linkType: hard

"@esbuild/linux-mips64el@npm:0.20.2":
  version: 0.20.2
  resolution: "@esbuild/linux-mips64el@npm:0.20.2"
  conditions: os=linux & cpu=mips64el
  languageName: node
  linkType: hard

"@esbuild/linux-ppc64@npm:0.20.2":
  version: 0.20.2
  resolution: "@esbuild/linux-ppc64@npm:0.20.2"
  conditions: os=linux & cpu=ppc64
  languageName: node
  linkType: hard

"@esbuild/linux-riscv64@npm:0.20.2":
  version: 0.20.2
  resolution: "@esbuild/linux-riscv64@npm:0.20.2"
  conditions: os=linux & cpu=riscv64
  languageName: node
  linkType: hard

"@esbuild/linux-s390x@npm:0.20.2":
  version: 0.20.2
  resolution: "@esbuild/linux-s390x@npm:0.20.2"
  conditions: os=linux & cpu=s390x
  languageName: node
  linkType: hard

"@esbuild/linux-x64@npm:0.20.2":
  version: 0.20.2
  resolution: "@esbuild/linux-x64@npm:0.20.2"
  conditions: os=linux & cpu=x64
  languageName: node
  linkType: hard

"@esbuild/netbsd-x64@npm:0.20.2":
  version: 0.20.2
  resolution: "@esbuild/netbsd-x64@npm:0.20.2"
  conditions: os=netbsd & cpu=x64
  languageName: node
  linkType: hard

"@esbuild/openbsd-x64@npm:0.20.2":
  version: 0.20.2
  resolution: "@esbuild/openbsd-x64@npm:0.20.2"
  conditions: os=openbsd & cpu=x64
  languageName: node
  linkType: hard

"@esbuild/sunos-x64@npm:0.20.2":
  version: 0.20.2
  resolution: "@esbuild/sunos-x64@npm:0.20.2"
  conditions: os=sunos & cpu=x64
  languageName: node
  linkType: hard

"@esbuild/win32-arm64@npm:0.20.2":
  version: 0.20.2
  resolution: "@esbuild/win32-arm64@npm:0.20.2"
  conditions: os=win32 & cpu=arm64
  languageName: node
  linkType: hard

"@esbuild/win32-ia32@npm:0.20.2":
  version: 0.20.2
  resolution: "@esbuild/win32-ia32@npm:0.20.2"
  conditions: os=win32 & cpu=ia32
  languageName: node
  linkType: hard

"@esbuild/win32-x64@npm:0.20.2":
  version: 0.20.2
  resolution: "@esbuild/win32-x64@npm:0.20.2"
  conditions: os=win32 & cpu=x64
  languageName: node
  linkType: hard

"@nakkim/create-test@workspace:.":
  version: 0.0.0-use.local
  resolution: "@nakkim/create-test@workspace:."
  dependencies:
    "@tsconfig/node18": "npm:^18.2.3"
    "@types/node": "npm:^20.11.30"
    "@types/prompts": "npm:^2"
    chalk: "npm:^5.3.0"
    esbuild: "npm:^0.20.2"
    ora: "npm:^8.0.1"
    prettier: "npm:^3.2.5"
    prompts: "npm:^2.4.2"
    typescript: "npm:^5.4.3"
    zx: "npm:^7.2.3"
  bin:
    create-test: index.js
  languageName: unknown
  linkType: soft

"@nodelib/fs.scandir@npm:2.1.5":
  version: 2.1.5
  resolution: "@nodelib/fs.scandir@npm:2.1.5"
  dependencies:
    "@nodelib/fs.stat": "npm:2.0.5"
    run-parallel: "npm:^1.1.9"
  checksum: 10c0/732c3b6d1b1e967440e65f284bd06e5821fedf10a1bea9ed2bb75956ea1f30e08c44d3def9d6a230666574edbaf136f8cfd319c14fd1f87c66e6a44449afb2eb
  languageName: node
  linkType: hard

"@nodelib/fs.stat@npm:2.0.5, @nodelib/fs.stat@npm:^2.0.2":
  version: 2.0.5
  resolution: "@nodelib/fs.stat@npm:2.0.5"
  checksum: 10c0/88dafe5e3e29a388b07264680dc996c17f4bda48d163a9d4f5c1112979f0ce8ec72aa7116122c350b4e7976bc5566dc3ddb579be1ceaacc727872eb4ed93926d
  languageName: node
  linkType: hard

"@nodelib/fs.walk@npm:^1.2.3":
  version: 1.2.8
  resolution: "@nodelib/fs.walk@npm:1.2.8"
  dependencies:
    "@nodelib/fs.scandir": "npm:2.1.5"
    fastq: "npm:^1.6.0"
  checksum: 10c0/db9de047c3bb9b51f9335a7bb46f4fcfb6829fb628318c12115fbaf7d369bfce71c15b103d1fc3b464812d936220ee9bc1c8f762d032c9f6be9acc99249095b1
  languageName: node
  linkType: hard

"@tsconfig/node18@npm:^18.2.3":
  version: 18.2.3
  resolution: "@tsconfig/node18@npm:18.2.3"
  checksum: 10c0/e067bd91625e00fec1bedb8faed44cdd1889e91839b86acbef2db2b942fdf9253001b511a41774bb2207c3ed3321bcfae07e563cecddf489dcaf769da9f27c14
  languageName: node
  linkType: hard

"@types/fs-extra@npm:^11.0.1":
  version: 11.0.4
  resolution: "@types/fs-extra@npm:11.0.4"
  dependencies:
    "@types/jsonfile": "npm:*"
    "@types/node": "npm:*"
  checksum: 10c0/9e34f9b24ea464f3c0b18c3f8a82aefc36dc524cc720fc2b886e5465abc66486ff4e439ea3fb2c0acebf91f6d3f74e514f9983b1f02d4243706bdbb7511796ad
  languageName: node
  linkType: hard

"@types/jsonfile@npm:*":
  version: 6.1.4
  resolution: "@types/jsonfile@npm:6.1.4"
  dependencies:
    "@types/node": "npm:*"
  checksum: 10c0/b12d068b021e4078f6ac4441353965769be87acf15326173e2aea9f3bf8ead41bd0ad29421df5bbeb0123ec3fc02eb0a734481d52903704a1454a1845896b9eb
  languageName: node
  linkType: hard

"@types/minimist@npm:^1.2.2":
  version: 1.2.5
  resolution: "@types/minimist@npm:1.2.5"
  checksum: 10c0/3f791258d8e99a1d7d0ca2bda1ca6ea5a94e5e7b8fc6cde84dd79b0552da6fb68ade750f0e17718f6587783c24254bbca0357648dd59dc3812c150305cabdc46
  languageName: node
  linkType: hard

"@types/node@npm:*, @types/node@npm:^20.11.30":
  version: 20.11.30
  resolution: "@types/node@npm:20.11.30"
  dependencies:
    undici-types: "npm:~5.26.4"
  checksum: 10c0/867cfaf969c6d8850d8d7304e7ab739898a50ecb1395b61ff2335644f5f48d7a46fbc4a14cee967aed65ec134b61a746edae70d1f32f11321ccf29165e3bc4e6
  languageName: node
  linkType: hard

"@types/node@npm:^18.16.3":
  version: 18.19.26
  resolution: "@types/node@npm:18.19.26"
  dependencies:
    undici-types: "npm:~5.26.4"
  checksum: 10c0/34b9ceb3366fc616f35a3f3a1467478182cc265ff142c02000503161a679d3036d8bbc410d343ae4012a868e879941d64d656bd509674b055c8735aba24d98e2
  languageName: node
  linkType: hard

"@types/prompts@npm:^2":
  version: 2.4.9
  resolution: "@types/prompts@npm:2.4.9"
  dependencies:
    "@types/node": "npm:*"
    kleur: "npm:^3.0.3"
  checksum: 10c0/22fe0da6807681c85e88ba283184f4be4c8a95c744ea12a638865c98c4e0c22e7f733542f6b0f1fbca02245cdc3fe84feacf9c9adf4ddd8bc98a337fd679d8d2
  languageName: node
  linkType: hard

"@types/ps-tree@npm:^1.1.2":
  version: 1.1.6
  resolution: "@types/ps-tree@npm:1.1.6"
  checksum: 10c0/5bac64e587b82d4a1b0079f04fa5a54380a94b118e99c8096d52444d722a8f9932dbc62138da130b2f09cd6721f8eae1eac35d3cb68b4126c08e4e92d4c4962c
  languageName: node
  linkType: hard

"@types/which@npm:^3.0.0":
  version: 3.0.3
  resolution: "@types/which@npm:3.0.3"
  checksum: 10c0/553ff9ae9757ff1f99097b2b40e7ed3a317b1ca8507a9daaa5a429d63670f5d4b69a9b96afe00dfb3bdefa8b274441c93f978b7dd98b9af48daf9f07494689a5
  languageName: node
  linkType: hard

"ansi-regex@npm:^6.0.1":
  version: 6.0.1
  resolution: "ansi-regex@npm:6.0.1"
  checksum: 10c0/cbe16dbd2c6b2735d1df7976a7070dd277326434f0212f43abf6d87674095d247968209babdaad31bb00882fa68807256ba9be340eec2f1004de14ca75f52a08
  languageName: node
  linkType: hard

"braces@npm:^3.0.2":
  version: 3.0.2
  resolution: "braces@npm:3.0.2"
  dependencies:
    fill-range: "npm:^7.0.1"
  checksum: 10c0/321b4d675791479293264019156ca322163f02dc06e3c4cab33bb15cd43d80b51efef69b0930cfde3acd63d126ebca24cd0544fa6f261e093a0fb41ab9dda381
  languageName: node
  linkType: hard

"chalk@npm:^5.2.0, chalk@npm:^5.3.0":
  version: 5.3.0
  resolution: "chalk@npm:5.3.0"
  checksum: 10c0/8297d436b2c0f95801103ff2ef67268d362021b8210daf8ddbe349695333eb3610a71122172ff3b0272f1ef2cf7cc2c41fdaa4715f52e49ffe04c56340feed09
  languageName: node
  linkType: hard

"cli-cursor@npm:^4.0.0":
  version: 4.0.0
  resolution: "cli-cursor@npm:4.0.0"
  dependencies:
    restore-cursor: "npm:^4.0.0"
  checksum: 10c0/e776e8c3c6727300d0539b0d25160b2bb56aed1a63942753ba1826b012f337a6f4b7ace3548402e4f2f13b5e16bfd751be672c44b203205e7eca8be94afec42c
  languageName: node
  linkType: hard

"cli-spinners@npm:^2.9.2":
  version: 2.9.2
  resolution: "cli-spinners@npm:2.9.2"
  checksum: 10c0/907a1c227ddf0d7a101e7ab8b300affc742ead4b4ebe920a5bf1bc6d45dce2958fcd195eb28fa25275062fe6fa9b109b93b63bc8033396ed3bcb50297008b3a3
  languageName: node
  linkType: hard

"data-uri-to-buffer@npm:^4.0.0":
  version: 4.0.1
  resolution: "data-uri-to-buffer@npm:4.0.1"
  checksum: 10c0/20a6b93107597530d71d4cb285acee17f66bcdfc03fd81040921a81252f19db27588d87fc8fc69e1950c55cfb0bf8ae40d0e5e21d907230813eb5d5a7f9eb45b
  languageName: node
  linkType: hard

"dir-glob@npm:^3.0.1":
  version: 3.0.1
  resolution: "dir-glob@npm:3.0.1"
  dependencies:
    path-type: "npm:^4.0.0"
  checksum: 10c0/dcac00920a4d503e38bb64001acb19df4efc14536ada475725e12f52c16777afdee4db827f55f13a908ee7efc0cb282e2e3dbaeeb98c0993dd93d1802d3bf00c
  languageName: node
  linkType: hard

"duplexer@npm:~0.1.1":
  version: 0.1.2
  resolution: "duplexer@npm:0.1.2"
  checksum: 10c0/c57bcd4bdf7e623abab2df43a7b5b23d18152154529d166c1e0da6bee341d84c432d157d7e97b32fecb1bf3a8b8857dd85ed81a915789f550637ed25b8e64fc2
  languageName: node
  linkType: hard

"emoji-regex@npm:^10.3.0":
  version: 10.3.0
  resolution: "emoji-regex@npm:10.3.0"
  checksum: 10c0/b4838e8dcdceb44cf47f59abe352c25ff4fe7857acaf5fb51097c427f6f75b44d052eb907a7a3b86f86bc4eae3a93f5c2b7460abe79c407307e6212d65c91163
  languageName: node
  linkType: hard

"esbuild@npm:^0.20.2":
  version: 0.20.2
  resolution: "esbuild@npm:0.20.2"
  dependencies:
    "@esbuild/aix-ppc64": "npm:0.20.2"
    "@esbuild/android-arm": "npm:0.20.2"
    "@esbuild/android-arm64": "npm:0.20.2"
    "@esbuild/android-x64": "npm:0.20.2"
    "@esbuild/darwin-arm64": "npm:0.20.2"
    "@esbuild/darwin-x64": "npm:0.20.2"
    "@esbuild/freebsd-arm64": "npm:0.20.2"
    "@esbuild/freebsd-x64": "npm:0.20.2"
    "@esbuild/linux-arm": "npm:0.20.2"
    "@esbuild/linux-arm64": "npm:0.20.2"
    "@esbuild/linux-ia32": "npm:0.20.2"
    "@esbuild/linux-loong64": "npm:0.20.2"
    "@esbuild/linux-mips64el": "npm:0.20.2"
    "@esbuild/linux-ppc64": "npm:0.20.2"
    "@esbuild/linux-riscv64": "npm:0.20.2"
    "@esbuild/linux-s390x": "npm:0.20.2"
    "@esbuild/linux-x64": "npm:0.20.2"
    "@esbuild/netbsd-x64": "npm:0.20.2"
    "@esbuild/openbsd-x64": "npm:0.20.2"
    "@esbuild/sunos-x64": "npm:0.20.2"
    "@esbuild/win32-arm64": "npm:0.20.2"
    "@esbuild/win32-ia32": "npm:0.20.2"
    "@esbuild/win32-x64": "npm:0.20.2"
  dependenciesMeta:
    "@esbuild/aix-ppc64":
      optional: true
    "@esbuild/android-arm":
      optional: true
    "@esbuild/android-arm64":
      optional: true
    "@esbuild/android-x64":
      optional: true
    "@esbuild/darwin-arm64":
      optional: true
    "@esbuild/darwin-x64":
      optional: true
    "@esbuild/freebsd-arm64":
      optional: true
    "@esbuild/freebsd-x64":
      optional: true
    "@esbuild/linux-arm":
      optional: true
    "@esbuild/linux-arm64":
      optional: true
    "@esbuild/linux-ia32":
      optional: true
    "@esbuild/linux-loong64":
      optional: true
    "@esbuild/linux-mips64el":
      optional: true
    "@esbuild/linux-ppc64":
      optional: true
    "@esbuild/linux-riscv64":
      optional: true
    "@esbuild/linux-s390x":
      optional: true
    "@esbuild/linux-x64":
      optional: true
    "@esbuild/netbsd-x64":
      optional: true
    "@esbuild/openbsd-x64":
      optional: true
    "@esbuild/sunos-x64":
      optional: true
    "@esbuild/win32-arm64":
      optional: true
    "@esbuild/win32-ia32":
      optional: true
    "@esbuild/win32-x64":
      optional: true
  bin:
    esbuild: bin/esbuild
  checksum: 10c0/66398f9fb2c65e456a3e649747b39af8a001e47963b25e86d9c09d2a48d61aa641b27da0ce5cad63df95ad246105e1d83e7fee0e1e22a0663def73b1c5101112
  languageName: node
  linkType: hard

"event-stream@npm:=3.3.4":
  version: 3.3.4
  resolution: "event-stream@npm:3.3.4"
  dependencies:
    duplexer: "npm:~0.1.1"
    from: "npm:~0"
    map-stream: "npm:~0.1.0"
    pause-stream: "npm:0.0.11"
    split: "npm:0.3"
    stream-combiner: "npm:~0.0.4"
    through: "npm:~2.3.1"
  checksum: 10c0/c3ec4e1efc27ab3e73a98923f0a2fa9a19051b87068fea2f3d53d2e4e8c5cfdadf8c8a115b17f3d90b16a46432d396bad91b6e8d0cceb3e449be717a03b75209
  languageName: node
  linkType: hard

"fast-glob@npm:^3.3.0":
  version: 3.3.2
  resolution: "fast-glob@npm:3.3.2"
  dependencies:
    "@nodelib/fs.stat": "npm:^2.0.2"
    "@nodelib/fs.walk": "npm:^1.2.3"
    glob-parent: "npm:^5.1.2"
    merge2: "npm:^1.3.0"
    micromatch: "npm:^4.0.4"
  checksum: 10c0/42baad7b9cd40b63e42039132bde27ca2cb3a4950d0a0f9abe4639ea1aa9d3e3b40f98b1fe31cbc0cc17b664c9ea7447d911a152fa34ec5b72977b125a6fc845
  languageName: node
  linkType: hard

"fastq@npm:^1.6.0":
  version: 1.17.1
  resolution: "fastq@npm:1.17.1"
  dependencies:
    reusify: "npm:^1.0.4"
  checksum: 10c0/1095f16cea45fb3beff558bb3afa74ca7a9250f5a670b65db7ed585f92b4b48381445cd328b3d87323da81e43232b5d5978a8201bde84e0cd514310f1ea6da34
  languageName: node
  linkType: hard

"fetch-blob@npm:^3.1.2, fetch-blob@npm:^3.1.4":
  version: 3.2.0
  resolution: "fetch-blob@npm:3.2.0"
  dependencies:
    node-domexception: "npm:^1.0.0"
    web-streams-polyfill: "npm:^3.0.3"
  checksum: 10c0/60054bf47bfa10fb0ba6cb7742acec2f37c1f56344f79a70bb8b1c48d77675927c720ff3191fa546410a0442c998d27ab05e9144c32d530d8a52fbe68f843b69
  languageName: node
  linkType: hard

"fill-range@npm:^7.0.1":
  version: 7.0.1
  resolution: "fill-range@npm:7.0.1"
  dependencies:
    to-regex-range: "npm:^5.0.1"
  checksum: 10c0/7cdad7d426ffbaadf45aeb5d15ec675bbd77f7597ad5399e3d2766987ed20bda24d5fac64b3ee79d93276f5865608bb22344a26b9b1ae6c4d00bd94bf611623f
  languageName: node
  linkType: hard

"formdata-polyfill@npm:^4.0.10":
  version: 4.0.10
  resolution: "formdata-polyfill@npm:4.0.10"
  dependencies:
    fetch-blob: "npm:^3.1.2"
  checksum: 10c0/5392ec484f9ce0d5e0d52fb5a78e7486637d516179b0eb84d81389d7eccf9ca2f663079da56f761355c0a65792810e3b345dc24db9a8bbbcf24ef3c8c88570c6
  languageName: node
  linkType: hard

"from@npm:~0":
  version: 0.1.7
  resolution: "from@npm:0.1.7"
  checksum: 10c0/3aab5aea8fe8e1f12a5dee7f390d46a93431ce691b6222dcd5701c5d34378e51ca59b44967da1105a0f90fcdf5d7629d963d51e7ccd79827d19693bdcfb688d4
  languageName: node
  linkType: hard

"fs-extra@npm:^11.1.1":
  version: 11.2.0
  resolution: "fs-extra@npm:11.2.0"
  dependencies:
    graceful-fs: "npm:^4.2.0"
    jsonfile: "npm:^6.0.1"
    universalify: "npm:^2.0.0"
  checksum: 10c0/d77a9a9efe60532d2e790e938c81a02c1b24904ef7a3efb3990b835514465ba720e99a6ea56fd5e2db53b4695319b644d76d5a0e9988a2beef80aa7b1da63398
  languageName: node
  linkType: hard

"fx@npm:*":
  version: 33.0.0
  resolution: "fx@npm:33.0.0"
  bin:
    fx: index.js
  checksum: 10c0/f48e537489b6203671960211b2aec7d24911813ceebe5002f5eca64dd5d05d10b576b405f2f11683eef6acd4a6f462647c8a4d2e7884462403b3f503f5b0832c
  languageName: node
  linkType: hard

"get-east-asian-width@npm:^1.0.0":
  version: 1.2.0
  resolution: "get-east-asian-width@npm:1.2.0"
  checksum: 10c0/914b1e217cf38436c24b4c60b4c45289e39a45bf9e65ef9fd343c2815a1a02b8a0215aeec8bf9c07c516089004b6e3826332481f40a09529fcadbf6e579f286b
  languageName: node
  linkType: hard

"glob-parent@npm:^5.1.2":
  version: 5.1.2
  resolution: "glob-parent@npm:5.1.2"
  dependencies:
    is-glob: "npm:^4.0.1"
  checksum: 10c0/cab87638e2112bee3f839ef5f6e0765057163d39c66be8ec1602f3823da4692297ad4e972de876ea17c44d652978638d2fd583c6713d0eb6591706825020c9ee
  languageName: node
  linkType: hard

"globby@npm:^13.1.4":
  version: 13.2.2
  resolution: "globby@npm:13.2.2"
  dependencies:
    dir-glob: "npm:^3.0.1"
    fast-glob: "npm:^3.3.0"
    ignore: "npm:^5.2.4"
    merge2: "npm:^1.4.1"
    slash: "npm:^4.0.0"
  checksum: 10c0/a8d7cc7cbe5e1b2d0f81d467bbc5bc2eac35f74eaded3a6c85fc26d7acc8e6de22d396159db8a2fc340b8a342e74cac58de8f4aee74146d3d146921a76062664
  languageName: node
  linkType: hard

"graceful-fs@npm:^4.1.6, graceful-fs@npm:^4.2.0":
  version: 4.2.11
  resolution: "graceful-fs@npm:4.2.11"
  checksum: 10c0/386d011a553e02bc594ac2ca0bd6d9e4c22d7fa8cfbfc448a6d148c59ea881b092db9dbe3547ae4b88e55f1b01f7c4a2ecc53b310c042793e63aa44cf6c257f2
  languageName: node
  linkType: hard

"ignore@npm:^5.2.4":
  version: 5.3.1
  resolution: "ignore@npm:5.3.1"
  checksum: 10c0/703f7f45ffb2a27fb2c5a8db0c32e7dee66b33a225d28e8db4e1be6474795f606686a6e3bcc50e1aa12f2042db4c9d4a7d60af3250511de74620fbed052ea4cd
  languageName: node
  linkType: hard

"is-extglob@npm:^2.1.1":
  version: 2.1.1
  resolution: "is-extglob@npm:2.1.1"
  checksum: 10c0/5487da35691fbc339700bbb2730430b07777a3c21b9ebaecb3072512dfd7b4ba78ac2381a87e8d78d20ea08affb3f1971b4af629173a6bf435ff8a4c47747912
  languageName: node
  linkType: hard

"is-glob@npm:^4.0.1":
  version: 4.0.3
  resolution: "is-glob@npm:4.0.3"
  dependencies:
    is-extglob: "npm:^2.1.1"
  checksum: 10c0/17fb4014e22be3bbecea9b2e3a76e9e34ff645466be702f1693e8f1ee1adac84710d0be0bd9f967d6354036fd51ab7c2741d954d6e91dae6bb69714de92c197a
  languageName: node
  linkType: hard

"is-interactive@npm:^2.0.0":
  version: 2.0.0
  resolution: "is-interactive@npm:2.0.0"
  checksum: 10c0/801c8f6064f85199dc6bf99b5dd98db3282e930c3bc197b32f2c5b89313bb578a07d1b8a01365c4348c2927229234f3681eb861b9c2c92bee72ff397390fa600
  languageName: node
  linkType: hard

"is-number@npm:^7.0.0":
  version: 7.0.0
  resolution: "is-number@npm:7.0.0"
  checksum: 10c0/b4686d0d3053146095ccd45346461bc8e53b80aeb7671cc52a4de02dbbf7dc0d1d2a986e2fe4ae206984b4d34ef37e8b795ebc4f4295c978373e6575e295d811
  languageName: node
  linkType: hard

"is-unicode-supported@npm:^1.3.0":
  version: 1.3.0
  resolution: "is-unicode-supported@npm:1.3.0"
  checksum: 10c0/b8674ea95d869f6faabddc6a484767207058b91aea0250803cbf1221345cb0c56f466d4ecea375dc77f6633d248d33c47bd296fb8f4cdba0b4edba8917e83d8a
  languageName: node
  linkType: hard

"is-unicode-supported@npm:^2.0.0":
  version: 2.0.0
  resolution: "is-unicode-supported@npm:2.0.0"
  checksum: 10c0/3013dfb8265fe9f9a0d1e9433fc4e766595631a8d85d60876c457b4bedc066768dab1477c553d02e2f626d88a4e019162706e04263c94d74994ef636a33b5f94
  languageName: node
  linkType: hard

"isexe@npm:^2.0.0":
  version: 2.0.0
  resolution: "isexe@npm:2.0.0"
  checksum: 10c0/228cfa503fadc2c31596ab06ed6aa82c9976eec2bfd83397e7eaf06d0ccf42cd1dfd6743bf9aeb01aebd4156d009994c5f76ea898d2832c1fe342da923ca457d
  languageName: node
  linkType: hard

"jsonfile@npm:^6.0.1":
  version: 6.1.0
  resolution: "jsonfile@npm:6.1.0"
  dependencies:
    graceful-fs: "npm:^4.1.6"
    universalify: "npm:^2.0.0"
  dependenciesMeta:
    graceful-fs:
      optional: true
  checksum: 10c0/4f95b5e8a5622b1e9e8f33c96b7ef3158122f595998114d1e7f03985649ea99cb3cd99ce1ed1831ae94c8c8543ab45ebd044207612f31a56fd08462140e46865
  languageName: node
  linkType: hard

"kleur@npm:^3.0.3":
  version: 3.0.3
  resolution: "kleur@npm:3.0.3"
  checksum: 10c0/cd3a0b8878e7d6d3799e54340efe3591ca787d9f95f109f28129bdd2915e37807bf8918bb295ab86afb8c82196beec5a1adcaf29042ce3f2bd932b038fe3aa4b
  languageName: node
  linkType: hard

"log-symbols@npm:^6.0.0":
  version: 6.0.0
  resolution: "log-symbols@npm:6.0.0"
  dependencies:
    chalk: "npm:^5.3.0"
    is-unicode-supported: "npm:^1.3.0"
  checksum: 10c0/36636cacedba8f067d2deb4aad44e91a89d9efb3ead27e1846e7b82c9a10ea2e3a7bd6ce28a7ca616bebc60954ff25c67b0f92d20a6a746bb3cc52c3701891f6
  languageName: node
  linkType: hard

"map-stream@npm:~0.1.0":
  version: 0.1.0
  resolution: "map-stream@npm:0.1.0"
  checksum: 10c0/7dd6debe511c1b55d9da75e1efa65a28b1252a2d8357938d2e49b412713c478efbaefb0cdf0ee0533540c3bf733e8f9f71e1a15aa0fe74bf71b64e75bf1576bd
  languageName: node
  linkType: hard

"merge2@npm:^1.3.0, merge2@npm:^1.4.1":
  version: 1.4.1
  resolution: "merge2@npm:1.4.1"
  checksum: 10c0/254a8a4605b58f450308fc474c82ac9a094848081bf4c06778200207820e5193726dc563a0d2c16468810516a5c97d9d3ea0ca6585d23c58ccfff2403e8dbbeb
  languageName: node
  linkType: hard

"micromatch@npm:^4.0.4":
  version: 4.0.5
  resolution: "micromatch@npm:4.0.5"
  dependencies:
    braces: "npm:^3.0.2"
    picomatch: "npm:^2.3.1"
  checksum: 10c0/3d6505b20f9fa804af5d8c596cb1c5e475b9b0cd05f652c5b56141cf941bd72adaeb7a436fda344235cef93a7f29b7472efc779fcdb83b478eab0867b95cdeff
  languageName: node
  linkType: hard

"mimic-fn@npm:^2.1.0":
  version: 2.1.0
  resolution: "mimic-fn@npm:2.1.0"
  checksum: 10c0/b26f5479d7ec6cc2bce275a08f146cf78f5e7b661b18114e2506dd91ec7ec47e7a25bf4360e5438094db0560bcc868079fb3b1fb3892b833c1ecbf63f80c95a4
  languageName: node
  linkType: hard

"minimist@npm:^1.2.8":
  version: 1.2.8
  resolution: "minimist@npm:1.2.8"
  checksum: 10c0/19d3fcdca050087b84c2029841a093691a91259a47def2f18222f41e7645a0b7c44ef4b40e88a1e58a40c84d2ef0ee6047c55594d298146d0eb3f6b737c20ce6
  languageName: node
  linkType: hard

"node-domexception@npm:^1.0.0":
  version: 1.0.0
  resolution: "node-domexception@npm:1.0.0"
  checksum: 10c0/5e5d63cda29856402df9472335af4bb13875e1927ad3be861dc5ebde38917aecbf9ae337923777af52a48c426b70148815e890a5d72760f1b4d758cc671b1a2b
  languageName: node
  linkType: hard

"node-fetch@npm:3.3.1":
  version: 3.3.1
  resolution: "node-fetch@npm:3.3.1"
  dependencies:
    data-uri-to-buffer: "npm:^4.0.0"
    fetch-blob: "npm:^3.1.4"
    formdata-polyfill: "npm:^4.0.10"
  checksum: 10c0/78671bffed741a2f3ccb15588a42fd7e9db2bdc9f99f9f584e0c749307f9603d961692f0877d853b28a4d1375ab2253b19978dd3bfc0c3189b42adc340bef927
  languageName: node
  linkType: hard

"onetime@npm:^5.1.0":
  version: 5.1.2
  resolution: "onetime@npm:5.1.2"
  dependencies:
    mimic-fn: "npm:^2.1.0"
  checksum: 10c0/ffcef6fbb2692c3c40749f31ea2e22677a876daea92959b8a80b521d95cca7a668c884d8b2045d1d8ee7d56796aa405c405462af112a1477594cc63531baeb8f
  languageName: node
  linkType: hard

"ora@npm:^8.0.1":
  version: 8.0.1
  resolution: "ora@npm:8.0.1"
  dependencies:
    chalk: "npm:^5.3.0"
    cli-cursor: "npm:^4.0.0"
    cli-spinners: "npm:^2.9.2"
    is-interactive: "npm:^2.0.0"
    is-unicode-supported: "npm:^2.0.0"
    log-symbols: "npm:^6.0.0"
    stdin-discarder: "npm:^0.2.1"
    string-width: "npm:^7.0.0"
    strip-ansi: "npm:^7.1.0"
  checksum: 10c0/7a94c075a7f182a6ace80c3505b945520ab16e05ebe536a714a3d61e51dd8f777c75c8be920e157e0c60ada6fe89bca37376897fb4d486bea5771229be992097
  languageName: node
  linkType: hard

"path-type@npm:^4.0.0":
  version: 4.0.0
  resolution: "path-type@npm:4.0.0"
  checksum: 10c0/666f6973f332f27581371efaf303fd6c272cc43c2057b37aa99e3643158c7e4b2626549555d88626e99ea9e046f82f32e41bbde5f1508547e9a11b149b52387c
  languageName: node
  linkType: hard

"pause-stream@npm:0.0.11":
  version: 0.0.11
  resolution: "pause-stream@npm:0.0.11"
  dependencies:
    through: "npm:~2.3"
  checksum: 10c0/86f12c64cdaaa8e45ebaca4e39a478e1442db8b4beabc280b545bfaf79c0e2f33c51efb554aace5c069cc441c7b924ba484837b345eaa4ba6fc940d62f826802
  languageName: node
  linkType: hard

"picomatch@npm:^2.3.1":
  version: 2.3.1
  resolution: "picomatch@npm:2.3.1"
  checksum: 10c0/26c02b8d06f03206fc2ab8d16f19960f2ff9e81a658f831ecb656d8f17d9edc799e8364b1f4a7873e89d9702dff96204be0fa26fe4181f6843f040f819dac4be
  languageName: node
  linkType: hard

"prettier@npm:^3.2.5":
  version: 3.2.5
  resolution: "prettier@npm:3.2.5"
  bin:
    prettier: bin/prettier.cjs
  checksum: 10c0/ea327f37a7d46f2324a34ad35292af2ad4c4c3c3355da07313339d7e554320f66f65f91e856add8530157a733c6c4a897dc41b577056be5c24c40f739f5ee8c6
  languageName: node
  linkType: hard

"prompts@npm:^2.4.2":
  version: 2.4.2
  resolution: "prompts@npm:2.4.2"
  dependencies:
    kleur: "npm:^3.0.3"
    sisteransi: "npm:^1.0.5"
  checksum: 10c0/16f1ac2977b19fe2cf53f8411cc98db7a3c8b115c479b2ca5c82b5527cd937aa405fa04f9a5960abeb9daef53191b53b4d13e35c1f5d50e8718c76917c5f1ea4
  languageName: node
  linkType: hard

"ps-tree@npm:^1.2.0":
  version: 1.2.0
  resolution: "ps-tree@npm:1.2.0"
  dependencies:
    event-stream: "npm:=3.3.4"
  bin:
    ps-tree: ./bin/ps-tree.js
  checksum: 10c0/9d1c159e0890db5aa05f84d125193c2190a6c4ecd457596fd25e7611f8f747292a846459dcc0244e27d45529d4cea6d1010c3a2a087fad02624d12fdb7d97c22
  languageName: node
  linkType: hard

"queue-microtask@npm:^1.2.2":
  version: 1.2.3
  resolution: "queue-microtask@npm:1.2.3"
  checksum: 10c0/900a93d3cdae3acd7d16f642c29a642aea32c2026446151f0778c62ac089d4b8e6c986811076e1ae180a694cedf077d453a11b58ff0a865629a4f82ab558e102
  languageName: node
  linkType: hard

"restore-cursor@npm:^4.0.0":
  version: 4.0.0
  resolution: "restore-cursor@npm:4.0.0"
  dependencies:
    onetime: "npm:^5.1.0"
    signal-exit: "npm:^3.0.2"
  checksum: 10c0/6f7da8c5e422ac26aa38354870b1afac09963572cf2879443540449068cb43476e9cbccf6f8de3e0171e0d6f7f533c2bc1a0a008003c9a525bbc098e89041318
  languageName: node
  linkType: hard

"reusify@npm:^1.0.4":
  version: 1.0.4
  resolution: "reusify@npm:1.0.4"
  checksum: 10c0/c19ef26e4e188f408922c46f7ff480d38e8dfc55d448310dfb518736b23ed2c4f547fb64a6ed5bdba92cd7e7ddc889d36ff78f794816d5e71498d645ef476107
  languageName: node
  linkType: hard

"run-parallel@npm:^1.1.9":
  version: 1.2.0
  resolution: "run-parallel@npm:1.2.0"
  dependencies:
    queue-microtask: "npm:^1.2.2"
  checksum: 10c0/200b5ab25b5b8b7113f9901bfe3afc347e19bb7475b267d55ad0eb86a62a46d77510cb0f232507c9e5d497ebda569a08a9867d0d14f57a82ad5564d991588b39
  languageName: node
  linkType: hard

"signal-exit@npm:^3.0.2":
  version: 3.0.7
  resolution: "signal-exit@npm:3.0.7"
  checksum: 10c0/25d272fa73e146048565e08f3309d5b942c1979a6f4a58a8c59d5fa299728e9c2fcd1a759ec870863b1fd38653670240cd420dad2ad9330c71f36608a6a1c912
  languageName: node
  linkType: hard

"sisteransi@npm:^1.0.5":
  version: 1.0.5
  resolution: "sisteransi@npm:1.0.5"
  checksum: 10c0/230ac975cca485b7f6fe2b96a711aa62a6a26ead3e6fb8ba17c5a00d61b8bed0d7adc21f5626b70d7c33c62ff4e63933017a6462942c719d1980bb0b1207ad46
  languageName: node
  linkType: hard

"slash@npm:^4.0.0":
  version: 4.0.0
  resolution: "slash@npm:4.0.0"
  checksum: 10c0/b522ca75d80d107fd30d29df0549a7b2537c83c4c4ecd12cd7d4ea6c8aaca2ab17ada002e7a1d78a9d736a0261509f26ea5b489082ee443a3a810586ef8eff18
  languageName: node
  linkType: hard

"split@npm:0.3":
  version: 0.3.3
  resolution: "split@npm:0.3.3"
  dependencies:
    through: "npm:2"
  checksum: 10c0/88c09b1b4de84953bf5d6c153123a1fbb20addfea9381f70d27b4eb6b2bfbadf25d313f8f5d3fd727d5679b97bfe54da04766b91010f131635bf49e51d5db3fc
  languageName: node
  linkType: hard

"stdin-discarder@npm:^0.2.1":
  version: 0.2.2
  resolution: "stdin-discarder@npm:0.2.2"
  checksum: 10c0/c78375e82e956d7a64be6e63c809c7f058f5303efcaf62ea48350af072bacdb99c06cba39209b45a071c1acbd49116af30df1df9abb448df78a6005b72f10537
  languageName: node
  linkType: hard

"stream-combiner@npm:~0.0.4":
  version: 0.0.4
  resolution: "stream-combiner@npm:0.0.4"
  dependencies:
    duplexer: "npm:~0.1.1"
  checksum: 10c0/8075a94c0eb0f20450a8236cb99d4ce3ea6e6a4b36d8baa7440b1a08cde6ffd227debadffaecd80993bd334282875d0e927ab5b88484625e01970dd251004ff5
  languageName: node
  linkType: hard

"string-width@npm:^7.0.0":
  version: 7.1.0
  resolution: "string-width@npm:7.1.0"
  dependencies:
    emoji-regex: "npm:^10.3.0"
    get-east-asian-width: "npm:^1.0.0"
    strip-ansi: "npm:^7.1.0"
  checksum: 10c0/68a99fbc3bd3d8eb42886ff38dce819767dee55f606f74dfa4687a07dfd21262745d9683df0aa53bf81a5dd47c13da921a501925b974bec66a7ddd634fef0634
  languageName: node
  linkType: hard

"strip-ansi@npm:^7.1.0":
  version: 7.1.0
  resolution: "strip-ansi@npm:7.1.0"
  dependencies:
    ansi-regex: "npm:^6.0.1"
  checksum: 10c0/a198c3762e8832505328cbf9e8c8381de14a4fa50a4f9b2160138158ea88c0f5549fb50cb13c651c3088f47e63a108b34622ec18c0499b6c8c3a5ddf6b305ac4
  languageName: node
  linkType: hard

"through@npm:2, through@npm:~2.3, through@npm:~2.3.1":
  version: 2.3.8
  resolution: "through@npm:2.3.8"
  checksum: 10c0/4b09f3774099de0d4df26d95c5821a62faee32c7e96fb1f4ebd54a2d7c11c57fe88b0a0d49cf375de5fee5ae6bf4eb56dbbf29d07366864e2ee805349970d3cc
  languageName: node
  linkType: hard

"to-regex-range@npm:^5.0.1":
  version: 5.0.1
  resolution: "to-regex-range@npm:5.0.1"
  dependencies:
    is-number: "npm:^7.0.0"
  checksum: 10c0/487988b0a19c654ff3e1961b87f471702e708fa8a8dd02a298ef16da7206692e8552a0250e8b3e8759270f62e9d8314616f6da274734d3b558b1fc7b7724e892
  languageName: node
  linkType: hard

"typescript@npm:^5.4.3":
  version: 5.4.3
  resolution: "typescript@npm:5.4.3"
  bin:
    tsc: bin/tsc
    tsserver: bin/tsserver
  checksum: 10c0/22443a8760c3668e256c0b34b6b45c359ef6cecc10c42558806177a7d500ab1a7d7aac1f976d712e26989ddf6731d2fbdd3212b7c73290a45127c1c43ba2005a
  languageName: node
  linkType: hard

"typescript@patch:typescript@npm%3A^5.4.3#optional!builtin<compat/typescript>":
  version: 5.4.3
  resolution: "typescript@patch:typescript@npm%3A5.4.3#optional!builtin<compat/typescript>::version=5.4.3&hash=5adc0c"
  bin:
    tsc: bin/tsc
    tsserver: bin/tsserver
  checksum: 10c0/6e51f8b7e6ec55b897b9e56b67e864fe8f44e30f4a14357aad5dc0f7432db2f01efc0522df0b6c36d361c51f2dc3dcac5c832efd96a404cfabf884e915d38828
  languageName: node
  linkType: hard

"undici-types@npm:~5.26.4":
  version: 5.26.5
  resolution: "undici-types@npm:5.26.5"
  checksum: 10c0/bb673d7876c2d411b6eb6c560e0c571eef4a01c1c19925175d16e3a30c4c428181fb8d7ae802a261f283e4166a0ac435e2f505743aa9e45d893f9a3df017b501
  languageName: node
  linkType: hard

"universalify@npm:^2.0.0":
  version: 2.0.1
  resolution: "universalify@npm:2.0.1"
  checksum: 10c0/73e8ee3809041ca8b818efb141801a1004e3fc0002727f1531f4de613ea281b494a40909596dae4a042a4fb6cd385af5d4db2e137b1362e0e91384b828effd3a
  languageName: node
  linkType: hard

"web-streams-polyfill@npm:^3.0.3":
  version: 3.3.3
  resolution: "web-streams-polyfill@npm:3.3.3"
  checksum: 10c0/64e855c47f6c8330b5436147db1c75cb7e7474d924166800e8e2aab5eb6c76aac4981a84261dd2982b3e754490900b99791c80ae1407a9fa0dcff74f82ea3a7f
  languageName: node
  linkType: hard

"webpod@npm:^0":
  version: 0.0.2
  resolution: "webpod@npm:0.0.2"
  bin:
    webpod: dist/index.js
  checksum: 10c0/92b5920be7a8a080839221ce70e5d18f5cac86455af9ee20a54e77ee5c577746981c6d70afc2510df15061d3e3ea8c47f9fc36c2be01f47fd7630db1c9e5cba0
  languageName: node
  linkType: hard

"which@npm:^3.0.0":
  version: 3.0.1
  resolution: "which@npm:3.0.1"
  dependencies:
    isexe: "npm:^2.0.0"
  bin:
    node-which: bin/which.js
  checksum: 10c0/15263b06161a7c377328fd2066cb1f093f5e8a8f429618b63212b5b8847489be7bcab0ab3eb07f3ecc0eda99a5a7ea52105cf5fa8266bedd083cc5a9f6da24f1
  languageName: node
  linkType: hard

"yaml@npm:^2.2.2":
  version: 2.4.1
  resolution: "yaml@npm:2.4.1"
  bin:
    yaml: bin.mjs
  checksum: 10c0/816057dbaea16a7dfb0b868ace930f143dece96bbb4c4fbb6f38aa389166f897240d9fa535dbfd6b1b0d9442416f4abcc698e63f82394d0c67b329aa6c2be576
  languageName: node
  linkType: hard

"zx@npm:^7.2.3":
  version: 7.2.3
  resolution: "zx@npm:7.2.3"
  dependencies:
    "@types/fs-extra": "npm:^11.0.1"
    "@types/minimist": "npm:^1.2.2"
    "@types/node": "npm:^18.16.3"
    "@types/ps-tree": "npm:^1.1.2"
    "@types/which": "npm:^3.0.0"
    chalk: "npm:^5.2.0"
    fs-extra: "npm:^11.1.1"
    fx: "npm:*"
    globby: "npm:^13.1.4"
    minimist: "npm:^1.2.8"
    node-fetch: "npm:3.3.1"
    ps-tree: "npm:^1.2.0"
    webpod: "npm:^0"
    which: "npm:^3.0.0"
    yaml: "npm:^2.2.2"
  bin:
    zx: build/cli.js
  checksum: 10c0/9a90886e4e923263aa363c1b5193d5ef0db23b7debe69d4f267b594c33748b234234ceb4fa984c38487255c3801e748237bb857859f066ba90503935a61bdba7
  languageName: node
  linkType: hard
